{
  "name": "ass-storage-engine",
  "version": "0.0.1",
  "lockfileVersion": 2,
  "requires": true,
  "packages": {
    "": {
      "version": "0.0.1",
      "license": "ISC",
      "engines": {
        "node": "^14.x.x",
        "npm": "^7.x.x"
      },
      "funding": {
        "type": "patreon",
        "url": "https://patreon.com/tycrek"
      }
    }
  }
}
